// !$*UTF8*$!
{
	archiveVersion = 1;
	classes = {
	};
	objectVersion = 46;
	objects = {

/* Begin PBXBuildFile section */
		4E94EDF220A783750034F983 /* main.m in Sources */ = {isa = PBXBuildFile; fileRef = 4E94EDF120A783750034F983 /* main.m */; };
		4E94EDF520A783750034F983 /* AppDelegate.m in Sources */ = {isa = PBXBuildFile; fileRef = 4E94EDF420A783750034F983 /* AppDelegate.m */; };
		4E94EDF820A783750034F983 /* FirstViewController.m in Sources */ = {isa = PBXBuildFile; fileRef = 4E94EDF720A783750034F983 /* FirstViewController.m */; };
		4E94EDFB20A783750034F983 /* SecondViewController.m in Sources */ = {isa = PBXBuildFile; fileRef = 4E94EDFA20A783750034F983 /* SecondViewController.m */; };
		4E94EDFE20A783750034F983 /* Main.storyboard in Resources */ = {isa = PBXBuildFile; fileRef = 4E94EDFC20A783750034F983 /* Main.storyboard */; };
		4E94EE0020A783750034F983 /* Assets.xcassets in Resources */ = {isa = PBXBuildFile; fileRef = 4E94EDFF20A783750034F983 /* Assets.xcassets */; };
		4E94EE0320A783750034F983 /* LaunchScreen.storyboard in Resources */ = {isa = PBXBuildFile; fileRef = 4E94EE0120A783750034F983 /* LaunchScreen.storyboard */; };
		4E94EE0E20A783760034F983 /* ShoppingListTests.m in Sources */ = {isa = PBXBuildFile; fileRef = 4E94EE0D20A783760034F983 /* ShoppingListTests.m */; };
		4E94EE1920A783760034F983 /* ShoppingListUITests.m in Sources */ = {isa = PBXBuildFile; fileRef = 4E94EE1820A783760034F983 /* ShoppingListUITests.m */; };
/* End PBXBuildFile section */

/* Begin PBXContainerItemProxy section */
		4E94EE0A20A783750034F983 /* PBXContainerItemProxy */ = {
			isa = PBXContainerItemProxy;
			containerPortal = 4E94EDE520A783750034F983 /* Project object */;
			proxyType = 1;
			remoteGlobalIDString = 4E94EDEC20A783750034F983;
			remoteInfo = ShoppingList;
		};
		4E94EE1520A783760034F983 /* PBXContainerItemProxy */ = {
			isa = PBXContainerItemProxy;
			containerPortal = 4E94EDE520A783750034F983 /* Project object */;
			proxyType = 1;
			remoteGlobalIDString = 4E94EDEC20A783750034F983;
			remoteInfo = ShoppingList;
		};
/* End PBXContainerItemProxy section */

/* Begin PBXFileReference section */
		4E94EDED20A783750034F983 /* ShoppingList.app */ = {isa = PBXFileReference; explicitFileType = wrapper.application; includeInIndex = 0; path = ShoppingList.app; sourceTree = BUILT_PRODUCTS_DIR; };
		4E94EDF120A783750034F983 /* main.m */ = {isa = PBXFileReference; lastKnownFileType = sourcecode.c.objc; path = main.m; sourceTree = "<group>"; };
		4E94EDF320A783750034F983 /* AppDelegate.h */ = {isa = PBXFileReference; lastKnownFileType = sourcecode.c.h; path = AppDelegate.h; sourceTree = "<group>"; };
		4E94EDF420A783750034F983 /* AppDelegate.m */ = {isa = PBXFileReference; lastKnownFileType = sourcecode.c.objc; path = AppDelegate.m; sourceTree = "<group>"; };
		4E94EDF620A783750034F983 /* FirstViewController.h */ = {isa = PBXFileReference; lastKnownFileType = sourcecode.c.h; path = FirstViewController.h; sourceTree = "<group>"; };
		4E94EDF720A783750034F983 /* FirstViewController.m */ = {isa = PBXFileReference; lastKnownFileType = sourcecode.c.objc; path = FirstViewController.m; sourceTree = "<group>"; };
		4E94EDF920A783750034F983 /* SecondViewController.h */ = {isa = PBXFileReference; lastKnownFileType = sourcecode.c.h; path = SecondViewController.h; sourceTree = "<group>"; };
		4E94EDFA20A783750034F983 /* SecondViewController.m */ = {isa = PBXFileReference; lastKnownFileType = sourcecode.c.objc; path = SecondViewController.m; sourceTree = "<group>"; };
		4E94EDFD20A783750034F983 /* Base */ = {isa = PBXFileReference; lastKnownFileType = file.storyboard; name = Base; path = Base.lproj/Main.storyboard; sourceTree = "<group>"; };
		4E94EDFF20A783750034F983 /* Assets.xcassets */ = {isa = PBXFileReference; lastKnownFileType = folder.assetcatalog; path = Assets.xcassets; sourceTree = "<group>"; };
		4E94EE0220A783750034F983 /* Base */ = {isa = PBXFileReference; lastKnownFileType = file.storyboard; name = Base; path = Base.lproj/LaunchScreen.storyboard; sourceTree = "<group>"; };
		4E94EE0420A783750034F983 /* Info.plist */ = {isa = PBXFileReference; lastKnownFileType = text.plist.xml; path = Info.plist; sourceTree = "<group>"; };
		4E94EE0920A783750034F983 /* ShoppingListTests.xctest */ = {isa = PBXFileReference; explicitFileType = wrapper.cfbundle; includeInIndex = 0; path = ShoppingListTests.xctest; sourceTree = BUILT_PRODUCTS_DIR; };
		4E94EE0D20A783760034F983 /* ShoppingListTests.m */ = {isa = PBXFileReference; lastKnownFileType = sourcecode.c.objc; path = ShoppingListTests.m; sourceTree = "<group>"; };
		4E94EE0F20A783760034F983 /* Info.plist */ = {isa = PBXFileReference; lastKnownFileType = text.plist.xml; path = Info.plist; sourceTree = "<group>"; };
		4E94EE1420A783760034F983 /* ShoppingListUITests.xctest */ = {isa = PBXFileReference; explicitFileType = wrapper.cfbundle; includeInIndex = 0; path = ShoppingListUITests.xctest; sourceTree = BUILT_PRODUCTS_DIR; };
		4E94EE1820A783760034F983 /* ShoppingListUITests.m */ = {isa = PBXFileReference; lastKnownFileType = sourcecode.c.objc; path = ShoppingListUITests.m; sourceTree = "<group>"; };
		4E94EE1A20A783760034F983 /* Info.plist */ = {isa = PBXFileReference; lastKnownFileType = text.plist.xml; path = Info.plist; sourceTree = "<group>"; };
/* End PBXFileReference section */

/* Begin PBXFrameworksBuildPhase section */
		4E94EDEA20A783750034F983 /* Frameworks */ = {
			isa = PBXFrameworksBuildPhase;
			buildActionMask = 2147483647;
			files = (
			);
			runOnlyForDeploymentPostprocessing = 0;
		};
		4E94EE0620A783750034F983 /* Frameworks */ = {
			isa = PBXFrameworksBuildPhase;
			buildActionMask = 2147483647;
			files = (
			);
			runOnlyForDeploymentPostprocessing = 0;
		};
		4E94EE1120A783760034F983 /* Frameworks */ = {
			isa = PBXFrameworksBuildPhase;
			buildActionMask = 2147483647;
			files = (
			);
			runOnlyForDeploymentPostprocessing = 0;
		};
/* End PBXFrameworksBuildPhase section */

/* Begin PBXGroup section */
		4E94EDE420A783750034F983 = {
			isa = PBXGroup;
			children = (
				4E94EDEF20A783750034F983 /* ShoppingList */,
				4E94EE0C20A783760034F983 /* ShoppingListTests */,
				4E94EE1720A783760034F983 /* ShoppingListUITests */,
				4E94EDEE20A783750034F983 /* Products */,
			);
			sourceTree = "<group>";
		};
		4E94EDEE20A783750034F983 /* Products */ = {
			isa = PBXGroup;
			children = (
				4E94EDED20A783750034F983 /* ShoppingList.app */,
				4E94EE0920A783750034F983 /* ShoppingListTests.xctest */,
				4E94EE1420A783760034F983 /* ShoppingListUITests.xctest */,
			);
			name = Products;
			sourceTree = "<group>";
		};
		4E94EDEF20A783750034F983 /* ShoppingList */ = {
			isa = PBXGroup;
			children = (
				4E94EDF320A783750034F983 /* AppDelegate.h */,
				4E94EDF420A783750034F983 /* AppDelegate.m */,
				4E94EDF620A783750034F983 /* FirstViewController.h */,
				4E94EDF720A783750034F983 /* FirstViewController.m */,
				4E94EDF920A783750034F983 /* SecondViewController.h */,
				4E94EDFA20A783750034F983 /* SecondViewController.m */,
				4E94EDFC20A783750034F983 /* Main.storyboard */,
				4E94EDFF20A783750034F983 /* Assets.xcassets */,
				4E94EE0120A783750034F983 /* LaunchScreen.storyboard */,
				4E94EE0420A783750034F983 /* Info.plist */,
				4E94EDF020A783750034F983 /* Supporting Files */,
			);
			path = ShoppingList;
			sourceTree = "<group>";
		};
		4E94EDF020A783750034F983 /* Supporting Files */ = {
			isa = PBXGroup;
			children = (
				4E94EDF120A783750034F983 /* main.m */,
			);
			name = "Supporting Files";
			sourceTree = "<group>";
		};
		4E94EE0C20A783760034F983 /* ShoppingListTests */ = {
			isa = PBXGroup;
			children = (
				4E94EE0D20A783760034F983 /* ShoppingListTests.m */,
				4E94EE0F20A783760034F983 /* Info.plist */,
			);
			path = ShoppingListTests;
			sourceTree = "<group>";
		};
		4E94EE1720A783760034F983 /* ShoppingListUITests */ = {
			isa = PBXGroup;
			children = (
				4E94EE1820A783760034F983 /* ShoppingListUITests.m */,
				4E94EE1A20A783760034F983 /* Info.plist */,
			);
			path = ShoppingListUITests;
			sourceTree = "<group>";
		};
/* End PBXGroup section */

/* Begin PBXNativeTarget section */
		4E94EDEC20A783750034F983 /* ShoppingList */ = {
			isa = PBXNativeTarget;
			buildConfigurationList = 4E94EE1D20A783760034F983 /* Build configuration list for PBXNativeTarget "ShoppingList" */;
			buildPhases = (
				4E94EDE920A783750034F983 /* Sources */,
				4E94EDEA20A783750034F983 /* Frameworks */,
				4E94EDEB20A783750034F983 /* Resources */,
			);
			buildRules = (
			);
			dependencies = (
			);
			name = ShoppingList;
			productName = ShoppingList;
			productReference = 4E94EDED20A783750034F983 /* ShoppingList.app */;
			productType = "com.apple.product-type.application";
		};
		4E94EE0820A783750034F983 /* ShoppingListTests */ = {
			isa = PBXNativeTarget;
			buildConfigurationList = 4E94EE2020A783760034F983 /* Build configuration list for PBXNativeTarget "ShoppingListTests" */;
			buildPhases = (
				4E94EE0520A783750034F983 /* Sources */,
				4E94EE0620A783750034F983 /* Frameworks */,
				4E94EE0720A783750034F983 /* Resources */,
			);
			buildRules = (
			);
			dependencies = (
				4E94EE0B20A783750034F983 /* PBXTargetDependency */,
			);
			name = ShoppingListTests;
			productName = ShoppingListTests;
			productReference = 4E94EE0920A783750034F983 /* ShoppingListTests.xctest */;
			productType = "com.apple.product-type.bundle.unit-test";
		};
		4E94EE1320A783760034F983 /* ShoppingListUITests */ = {
			isa = PBXNativeTarget;
			buildConfigurationList = 4E94EE2320A783760034F983 /* Build configuration list for PBXNativeTarget "ShoppingListUITests" */;
			buildPhases = (
				4E94EE1020A783760034F983 /* Sources */,
				4E94EE1120A783760034F983 /* Frameworks */,
				4E94EE1220A783760034F983 /* Resources */,
			);
			buildRules = (
			);
			dependencies = (
				4E94EE1620A783760034F983 /* PBXTargetDependency */,
			);
			name = ShoppingListUITests;
			productName = ShoppingListUITests;
			productReference = 4E94EE1420A783760034F983 /* ShoppingListUITests.xctest */;
			productType = "com.apple.product-type.bundle.ui-testing";
		};
/* End PBXNativeTarget section */

/* Begin PBXProject section */
		4E94EDE520A783750034F983 /* Project object */ = {
			isa = PBXProject;
			attributes = {
				LastUpgradeCheck = 0730;
				ORGANIZATIONNAME = SFNSFN;
				TargetAttributes = {
					4E94EDEC20A783750034F983 = {
						CreatedOnToolsVersion = 7.3.1;
						DevelopmentTeam = 6HV783896P;
					};
					4E94EE0820A783750034F983 = {
						CreatedOnToolsVersion = 7.3.1;
						TestTargetID = 4E94EDEC20A783750034F983;
					};
					4E94EE1320A783760034F983 = {
						CreatedOnToolsVersion = 7.3.1;
						TestTargetID = 4E94EDEC20A783750034F983;
					};
				};
			};
			buildConfigurationList = 4E94EDE820A783750034F983 /* Build configuration list for PBXProject "ShoppingList" */;
			compatibilityVersion = "Xcode 3.2";
			developmentRegion = English;
			hasScannedForEncodings = 0;
			knownRegions = (
				en,
				Base,
			);
			mainGroup = 4E94EDE420A783750034F983;
			productRefGroup = 4E94EDEE20A783750034F983 /* Products */;
			projectDirPath = "";
			projectRoot = "";
			targets = (
				4E94EDEC20A783750034F983 /* ShoppingList */,
				4E94EE0820A783750034F983 /* ShoppingListTests */,
				4E94EE1320A783760034F983 /* ShoppingListUITests */,
			);
		};
/* End PBXProject section */

/* Begin PBXResourcesBuildPhase section */
		4E94EDEB20A783750034F983 /* Resources */ = {
			isa = PBXResourcesBuildPhase;
			buildActionMask = 2147483647;
			files = (
				4E94EE0320A783750034F983 /* LaunchScreen.storyboard in Resources */,
				4E94EE0020A783750034F983 /* Assets.xcassets in Resources */,
				4E94EDFE20A783750034F983 /* Main.storyboard in Resources */,
			);
			runOnlyForDeploymentPostprocessing = 0;
		};
		4E94EE0720A783750034F983 /* Resources */ = {
			isa = PBXResourcesBuildPhase;
			buildActionMask = 2147483647;
			files = (
			);
			runOnlyForDeploymentPostprocessing = 0;
		};
		4E94EE1220A783760034F983 /* Resources */ = {
			isa = PBXResourcesBuildPhase;
			buildActionMask = 2147483647;
			files = (
			);
			runOnlyForDeploymentPostprocessing = 0;
		};
/* End PBXResourcesBuildPhase section */

/* Begin PBXSourcesBuildPhase section */
		4E94EDE920A783750034F983 /* Sources */ = {
			isa = PBXSourcesBuildPhase;
			buildActionMask = 2147483647;
			files = (
				4E94EDFB20A783750034F983 /* SecondViewController.m in Sources */,
				4E94EDF520A783750034F983 /* AppDelegate.m in Sources */,
				4E94EDF820A783750034F983 /* FirstViewController.m in Sources */,
				4E94EDF220A783750034F983 /* main.m in Sources */,
			);
			runOnlyForDeploymentPostprocessing = 0;
		};
		4E94EE0520A783750034F983 /* Sources */ = {
			isa = PBXSourcesBuildPhase;
			buildActionMask = 2147483647;
			files = (
				4E94EE0E20A783760034F983 /* ShoppingListTests.m in Sources */,
			);
			runOnlyForDeploymentPostprocessing = 0;
		};
		4E94EE1020A783760034F983 /* Sources */ = {
			isa = PBXSourcesBuildPhase;
			buildActionMask = 2147483647;
			files = (
				4E94EE1920A783760034F983 /* ShoppingListUITests.m in Sources */,
			);
			runOnlyForDeploymentPostprocessing = 0;
		};
/* End PBXSourcesBuildPhase section */

/* Begin PBXTargetDependency section */
		4E94EE0B20A783750034F983 /* PBXTargetDependency */ = {
			isa = PBXTargetDependency;
			target = 4E94EDEC20A783750034F983 /* ShoppingList */;
			targetProxy = 4E94EE0A20A783750034F983 /* PBXContainerItemProxy */;
		};
		4E94EE1620A783760034F983 /* PBXTargetDependency */ = {
			isa = PBXTargetDependency;
			target = 4E94EDEC20A783750034F983 /* ShoppingList */;
			targetProxy = 4E94EE1520A783760034F983 /* PBXContainerItemProxy */;
		};
/* End PBXTargetDependency section */

/* Begin PBXVariantGroup section */
		4E94EDFC20A783750034F983 /* Main.storyboard */ = {
			isa = PBXVariantGroup;
			children = (
				4E94EDFD20A783750034F983 /* Base */,
			);
			name = Main.storyboard;
			sourceTree = "<group>";
		};
		4E94EE0120A783750034F983 /* LaunchScreen.storyboard */ = {
			isa = PBXVariantGroup;
			children = (
				4E94EE0220A783750034F983 /* Base */,
			);
			name = LaunchScreen.storyboard;
			sourceTree = "<group>";
		};
/* End PBXVariantGroup section */

/* Begin XCBuildConfiguration section */
		4E94EE1B20A783760034F983 /* Debug */ = {
			isa = XCBuildConfiguration;
			buildSettings = {
				ALWAYS_SEARCH_USER_PATHS = NO;
				CLANG_ANALYZER_NONNULL = YES;
				CLANG_CXX_LANGUAGE_STANDARD = "gnu++0x";
				CLANG_CXX_LIBRARY = "libc++";
				CLANG_ENABLE_MODULES = YES;
				CLANG_ENABLE_OBJC_ARC = YES;
				CLANG_WARN_BOOL_CONVERSION = YES;
				CLANG_WARN_CONSTANT_CONVERSION = YES;
				CLANG_WARN_DIRECT_OBJC_ISA_USAGE = YES_ERROR;
				CLANG_WARN_EMPTY_BODY = YES;
				CLANG_WARN_ENUM_CONVERSION = YES;
				CLANG_WARN_INT_CONVERSION = YES;
				CLANG_WARN_OBJC_ROOT_CLASS = YES_ERROR;
				CLANG_WARN_UNREACHABLE_CODE = YES;
				CLANG_WARN__DUPLICATE_METHOD_MATCH = YES;
				"CODE_SIGN_IDENTITY[sdk=iphoneos*]" = "iPhone Developer";
				COPY_PHASE_STRIP = NO;
				DEBUG_INFORMATION_FORMAT = dwarf;
				ENABLE_STRICT_OBJC_MSGSEND = YES;
				ENABLE_TESTABILITY = YES;
				GCC_C_LANGUAGE_STANDARD = gnu99;
				GCC_DYNAMIC_NO_PIC = NO;
				GCC_NO_COMMON_BLOCKS = YES;
				GCC_OPTIMIZATION_LEVEL = 0;
				GCC_PREPROCESSOR_DEFINITIONS = (
					"DEBUG=1",
					"$(inherited)",
				);
				GCC_WARN_64_TO_32_BIT_CONVERSION = YES;
				GCC_WARN_ABOUT_RETURN_TYPE = YES_ERROR;
				GCC_WARN_UNDECLARED_SELECTOR = YES;
				GCC_WARN_UNINITIALIZED_AUTOS = YES_AGGRESSIVE;
				GCC_WARN_UNUSED_FUNCTION = YES;
				GCC_WARN_UNUSED_VARIABLE = YES;
				IPHONEOS_DEPLOYMENT_TARGET = 9.3;
				MTL_ENABLE_DEBUG_INFO = YES;
				ONLY_ACTIVE_ARCH = YES;
				SDKROOT = iphoneos;
			};
			name = Debug;
		};
		4E94EE1C20A783760034F983 /* Release */ = {
			isa = XCBuildConfiguration;
			buildSettings = {
				ALWAYS_SEARCH_USER_PATHS = NO;
				CLANG_ANALYZER_NONNULL = YES;
				CLANG_CXX_LANGUAGE_STANDARD = "gnu++0x";
				CLANG_CXX_LIBRARY = "libc++";
				CLANG_ENABLE_MODULES = YES;
				CLANG_ENABLE_OBJC_ARC = YES;
				CLANG_WARN_BOOL_CONVERSION = YES;
				CLANG_WARN_CONSTANT_CONVERSION = YES;
				CLANG_WARN_DIRECT_OBJC_ISA_USAGE = YES_ERROR;
				CLANG_WARN_EMPTY_BODY = YES;
				CLANG_WARN_ENUM_CONVERSION = YES;
				CLANG_WARN_INT_CONVERSION = YES;
				CLANG_WARN_OBJC_ROOT_CLASS = YES_ERROR;
				CLANG_WARN_UNREACHABLE_CODE = YES;
				CLANG_WARN__DUPLICATE_METHOD_MATCH = YES;
				"CODE_SIGN_IDENTITY[sdk=iphoneos*]" = "iPhone Developer";
				COPY_PHASE_STRIP = NO;
				DEBUG_INFORMATION_FORMAT = "dwarf-with-dsym";
				ENABLE_NS_ASSERTIONS = NO;
				ENABLE_STRICT_OBJC_MSGSEND = YES;
				GCC_C_LANGUAGE_STANDARD = gnu99;
				GCC_NO_COMMON_BLOCKS = YES;
				GCC_WARN_64_TO_32_BIT_CONVERSION = YES;
				GCC_WARN_ABOUT_RETURN_TYPE = YES_ERROR;
				GCC_WARN_UNDECLARED_SELECTOR = YES;
				GCC_WARN_UNINITIALIZED_AUTOS = YES_AGGRESSIVE;
				GCC_WARN_UNUSED_FUNCTION = YES;
				GCC_WARN_UNUSED_VARIABLE = YES;
				IPHONEOS_DEPLOYMENT_TARGET = 9.3;
				MTL_ENABLE_DEBUG_INFO = NO;
				SDKROOT = iphoneos;
				VALIDATE_PRODUCT = YES;
			};
			name = Release;
		};
		4E94EE1E20A783760034F983 /* Debug */ = {
			isa = XCBuildConfiguration;
			buildSettings = {
				ASSETCATALOG_COMPILER_APPICON_NAME = AppIcon;
				CODE_SIGN_IDENTITY = "iPhone Developer";
				"CODE_SIGN_IDENTITY[sdk=iphoneos*]" = "iPhone Developer";
				INFOPLIST_FILE = ShoppingList/Info.plist;
				IPHONEOS_DEPLOYMENT_TARGET = 7.1;
				LD_RUNPATH_SEARCH_PATHS = "$(inherited) @executable_path/Frameworks";
				PRODUCT_BUNDLE_IDENTIFIER = sfn.ShoppingList;
				PRODUCT_NAME = "$(TARGET_NAME)";
				PROVISIONING_PROFILE = "";
			};
			name = Debug;
		};
		4E94EE1F20A783760034F983 /* Release */ = {
			isa = XCBuildConfiguration;
			buildSettings = {
				ASSETCATALOG_COMPILER_APPICON_NAME = AppIcon;
				CODE_SIGN_IDENTITY = "iPhone Developer";
				"CODE_SIGN_IDENTITY[sdk=iphoneos*]" = "iPhone Developer";
				INFOPLIST_FILE = ShoppingList/Info.plist;
				IPHONEOS_DEPLOYMENT_TARGET = 7.1;
				LD_RUNPATH_SEARCH_PATHS = "$(inherited) @executable_path/Frameworks";
				PRODUCT_BUNDLE_IDENTIFIER = sfn.ShoppingList;
				PRODUCT_NAME = "$(TARGET_NAME)";
				PROVISIONING_PROFILE = "";
			};
			name = Release;
		};
		4E94EE2120A783760034F983 /* Debug */ = {
			isa = XCBuildConfiguration;
			buildSettings = {
				BUNDLE_LOADER = "$(TEST_HOST)";
				INFOPLIST_FILE = ShoppingListTests/Info.plist;
				LD_RUNPATH_SEARCH_PATHS = "$(inherited) @executable_path/Frameworks @loader_path/Frameworks";
				PRODUCT_BUNDLE_IDENTIFIER = sfnsfn.ShoppingListTests;
				PRODUCT_NAME = "$(TARGET_NAME)";
				TEST_HOST = "$(BUILT_PRODUCTS_DIR)/ShoppingList.app/ShoppingList";
			};
			name = Debug;
		};
		4E94EE2220A783760034F983 /* Release */ = {
			isa = XCBuildConfiguration;
			buildSettings = {
				BUNDLE_LOADER = "$(TEST_HOST)";
				INFOPLIST_FILE = ShoppingListTests/Info.plist;
				LD_RUNPATH_SEARCH_PATHS = "$(inherited) @executable_path/Frameworks @loader_path/Frameworks";
				PRODUCT_BUNDLE_IDENTIFIER = sfnsfn.ShoppingListTests;
				PRODUCT_NAME = "$(TARGET_NAME)";
				TEST_HOST = "$(BUILT_PRODUCTS_DIR)/ShoppingList.app/ShoppingList";
			};
			name = Release;
		};
		4E94EE2420A783760034F983 /* Debug */ = {
			isa = XCBuildConfiguration;
			buildSettings = {
				INFOPLIST_FILE = ShoppingListUITests/Info.plist;
				LD_RUNPATH_SEARCH_PATHS = "$(inherited) @executable_path/Frameworks @loader_path/Frameworks";
				PRODUCT_BUNDLE_IDENTIFIER = sfnsfn.ShoppingListUITests;
				PRODUCT_NAME = "$(TARGET_NAME)";
				TEST_TARGET_NAME = ShoppingList;
			};
			name = Debug;
		};
		4E94EE2520A783760034F983 /* Release */ = {
			isa = XCBuildConfiguration;
			buildSettings = {
				INFOPLIST_FILE = ShoppingListUITests/Info.plist;
				LD_RUNPATH_SEARCH_PATHS = "$(inherited) @executable_path/Frameworks @loader_path/Frameworks";
				PRODUCT_BUNDLE_IDENTIFIER = sfnsfn.ShoppingListUITests;
				PRODUCT_NAME = "$(TARGET_NAME)";
				TEST_TARGET_NAME = ShoppingList;
			};
			name = Release;
		};
/* End XCBuildConfiguration section */

/* Begin XCConfigurationList section */
		4E94EDE820A783750034F983 /* Build configuration list for PBXProject "ShoppingList" */ = {
			isa = XCConfigurationList;
			buildConfigurations = (
				4E94EE1B20A783760034F983 /* Debug */,
				4E94EE1C20A783760034F983 /* Release */,
			);
			defaultConfigurationIsVisible = 0;
			defaultConfigurationName = Release;
		};
		4E94EE1D20A783760034F983 /* Build configuration list for PBXNativeTarget "ShoppingList" */ = {
			isa = XCConfigurationList;
			buildConfigurations = (
				4E94EE1E20A783760034F983 /* Debug */,
				4E94EE1F20A783760034F983 /* Release */,
			);
			defaultConfigurationIsVisible = 0;
		};
		4E94EE2020A783760034F983 /* Build configuration list for PBXNativeTarget "ShoppingListTests" */ = {
			isa = XCConfigurationList;
			buildConfigurations = (
				4E94EE2120A783760034F983 /* Debug */,
				4E94EE2220A783760034F983 /* Release */,
			);
			defaultConfigurationIsVisible = 0;
		};
		4E94EE2320A783760034F983 /* Build configuration list for PBXNativeTarget "ShoppingListUITests" */ = {
			isa = XCConfigurationList;
			buildConfigurations = (
				4E94EE2420A783760034F983 /* Debug */,
				4E94EE2520A783760034F983 /* Release */,
			);
			defaultConfigurationIsVisible = 0;
		};
/* End XCConfigurationList section */
	};
	rootObject = 4E94EDE520A783750034F983 /* Project object */;
}
